
Microsoft Visual Studio Solution File, Format Version 12.00
# Visual Studio Version 17
VisualStudioVersion = 17.6.33723.286
MinimumVisualStudioVersion = 10.0.40219.1
Project("{9A19103F-16F7-4668-BE54-9A1E7A4F7556}") = "LetterTriangles.Test", "LetterTriangles.Test\LetterTriangles.Test.csproj", "{3CB11E46-347F-4E0C-93DC-5B534B7E2AB4}"
EndProject
Project("{FAE04EC0-301F-11D3-BF4B-00C04F79EFBC}") = "LetterTriangles.BL", "LetterTriangles.BL\LetterTriangles.BL.csproj", "{236BF56D-4760-45D4-B858-AC3736399FAA}"
EndProject
Global
	GlobalSection(SolutionConfigurationPlatforms) = preSolution
		Debug|Any CPU = Debug|Any CPU
		Release|Any CPU = Release|Any CPU
	EndGlobalSection
	GlobalSection(ProjectConfigurationPlatforms) = postSolution
		{3CB11E46-347F-4E0C-93DC-5B534B7E2AB4}.Debug|Any CPU.ActiveCfg = Debug|Any CPU
		{3CB11E46-347F-4E0C-93DC-5B534B7E2AB4}.Debug|Any CPU.Build.0 = Debug|Any CPU
		{3CB11E46-347F-4E0C-93DC-5B534B7E2AB4}.Release|Any CPU.ActiveCfg = Release|Any CPU
		{3CB11E46-347F-4E0C-93DC-5B534B7E2AB4}.Release|Any CPU.Build.0 = Release|Any CPU
		{236BF56D-4760-45D4-B858-AC3736399FAA}.Debug|Any CPU.ActiveCfg = Debug|Any CPU
		{236BF56D-4760-45D4-B858-AC3736399FAA}.Debug|Any CPU.Build.0 = Debug|Any CPU
		{236BF56D-4760-45D4-B858-AC3736399FAA}.Release|Any CPU.ActiveCfg = Release|Any CPU
		{236BF56D-4760-45D4-B858-AC3736399FAA}.Release|Any CPU.Build.0 = Release|Any CPU
	EndGlobalSection
	GlobalSection(SolutionProperties) = preSolution
		HideSolutionNode = FALSE
	EndGlobalSection
	GlobalSection(ExtensibilityGlobals) = postSolution
		SolutionGuid = {D3DB1BEF-B483-40E8-B3BD-5275C2296B2F}
	EndGlobalSection
EndGlobal
